
Microsoft Visual Studio Solution File, Format Version 12.00
# Visual Studio Version 16
VisualStudioVersion = 16.0.29613.14
MinimumVisualStudioVersion = 10.0.40219.1
Project("{2150E333-8FDC-42A3-9474-1A3956D46DE8}") = "OtherFiles", "OtherFiles", "{C8B769F0-33AB-4902-AB99-81CB4507F477}"
	ProjectSection(SolutionItems) = preProject
		..\.gitlab-ci.yml = ..\.gitlab-ci.yml
		..\CHANGELOG.md = ..\CHANGELOG.md
		..\README.md = ..\README.md
		docker-compose.yml = docker-compose.yml
	EndProjectSection
EndProject
Project("{9A19103F-16F7-4668-BE54-9A1E7A4F7556}") = "Niverobot.WebApi", "Niverobot.WebApi\Niverobot.WebApi.csproj", "{F2DFF3D3-DCC3-482F-B281-6CDE912BA7AF}"
EndProject
Project("{9A19103F-16F7-4668-BE54-9A1E7A4F7556}") = "Niverobot.Domain", "Niverobot.Domain\Niverobot.Domain.csproj", "{31A01D49-B809-4527-9919-9011E1871D6A}"
EndProject
Project("{FAE04EC0-301F-11D3-BF4B-00C04F79EFBC}") = "Niverobot.Protos", "Niverobot.Protos\Niverobot.Protos.csproj", "{732E226B-3E8E-43A2-ACFC-D7C047C62562}"
EndProject
Project("{FAE04EC0-301F-11D3-BF4B-00C04F79EFBC}") = "Niverobot.Interfaces", "Niverobot.Interfaces\Niverobot.Interfaces.csproj", "{CC15A494-9FB9-4BF9-823B-4F68B7A8EF6A}"
EndProject
Project("{FAE04EC0-301F-11D3-BF4B-00C04F79EFBC}") = "Niverobot.Services", "Niverobot.Services\Niverobot.Services.csproj", "{0AA261BC-F71D-4CF4-B720-0D9EBCEE756C}"
EndProject
Project("{FAE04EC0-301F-11D3-BF4B-00C04F79EFBC}") = "Niverobot.Consumer", "Niverobot.Consumer\Niverobot.Consumer.csproj", "{861DB540-7895-47F7-9BAF-AD43AFB0EA58}"
EndProject
Global
	GlobalSection(SolutionConfigurationPlatforms) = preSolution
		Debug|Any CPU = Debug|Any CPU
		Release|Any CPU = Release|Any CPU
	EndGlobalSection
	GlobalSection(ProjectConfigurationPlatforms) = postSolution
		{F2DFF3D3-DCC3-482F-B281-6CDE912BA7AF}.Debug|Any CPU.ActiveCfg = Debug|Any CPU
		{F2DFF3D3-DCC3-482F-B281-6CDE912BA7AF}.Debug|Any CPU.Build.0 = Debug|Any CPU
		{F2DFF3D3-DCC3-482F-B281-6CDE912BA7AF}.Release|Any CPU.ActiveCfg = Release|Any CPU
		{F2DFF3D3-DCC3-482F-B281-6CDE912BA7AF}.Release|Any CPU.Build.0 = Release|Any CPU
		{31A01D49-B809-4527-9919-9011E1871D6A}.Debug|Any CPU.ActiveCfg = Debug|Any CPU
		{31A01D49-B809-4527-9919-9011E1871D6A}.Debug|Any CPU.Build.0 = Debug|Any CPU
		{31A01D49-B809-4527-9919-9011E1871D6A}.Release|Any CPU.ActiveCfg = Release|Any CPU
		{31A01D49-B809-4527-9919-9011E1871D6A}.Release|Any CPU.Build.0 = Release|Any CPU
		{732E226B-3E8E-43A2-ACFC-D7C047C62562}.Debug|Any CPU.ActiveCfg = Debug|Any CPU
		{732E226B-3E8E-43A2-ACFC-D7C047C62562}.Debug|Any CPU.Build.0 = Debug|Any CPU
		{732E226B-3E8E-43A2-ACFC-D7C047C62562}.Release|Any CPU.ActiveCfg = Release|Any CPU
		{732E226B-3E8E-43A2-ACFC-D7C047C62562}.Release|Any CPU.Build.0 = Release|Any CPU
		{CC15A494-9FB9-4BF9-823B-4F68B7A8EF6A}.Debug|Any CPU.ActiveCfg = Debug|Any CPU
		{CC15A494-9FB9-4BF9-823B-4F68B7A8EF6A}.Debug|Any CPU.Build.0 = Debug|Any CPU
		{CC15A494-9FB9-4BF9-823B-4F68B7A8EF6A}.Release|Any CPU.ActiveCfg = Release|Any CPU
		{CC15A494-9FB9-4BF9-823B-4F68B7A8EF6A}.Release|Any CPU.Build.0 = Release|Any CPU
		{0AA261BC-F71D-4CF4-B720-0D9EBCEE756C}.Debug|Any CPU.ActiveCfg = Debug|Any CPU
		{0AA261BC-F71D-4CF4-B720-0D9EBCEE756C}.Debug|Any CPU.Build.0 = Debug|Any CPU
		{0AA261BC-F71D-4CF4-B720-0D9EBCEE756C}.Release|Any CPU.ActiveCfg = Release|Any CPU
		{0AA261BC-F71D-4CF4-B720-0D9EBCEE756C}.Release|Any CPU.Build.0 = Release|Any CPU
		{861DB540-7895-47F7-9BAF-AD43AFB0EA58}.Debug|Any CPU.ActiveCfg = Debug|Any CPU
		{861DB540-7895-47F7-9BAF-AD43AFB0EA58}.Debug|Any CPU.Build.0 = Debug|Any CPU
		{861DB540-7895-47F7-9BAF-AD43AFB0EA58}.Release|Any CPU.ActiveCfg = Release|Any CPU
		{861DB540-7895-47F7-9BAF-AD43AFB0EA58}.Release|Any CPU.Build.0 = Release|Any CPU
	EndGlobalSection
	GlobalSection(SolutionProperties) = preSolution
		HideSolutionNode = FALSE
	EndGlobalSection
	GlobalSection(ExtensibilityGlobals) = postSolution
		SolutionGuid = {76D1EA37-4E89-4B7A-8C7F-56A2E843D489}
	EndGlobalSection
EndGlobal
