
Microsoft Visual Studio Solution File, Format Version 12.00
# Visual Studio Version 16
VisualStudioVersion = 16.0.29613.14
MinimumVisualStudioVersion = 10.0.40219.1
Project("{FAE04EC0-301F-11D3-BF4B-00C04F79EFBC}") = "Niverobot", "Niverobot\Niverobot.csproj", "{008D03A7-D411-49AA-985B-B58C6AD9C01B}"
EndProject
Project("{2150E333-8FDC-42A3-9474-1A3956D46DE8}") = "OtherFiles", "OtherFiles", "{C8B769F0-33AB-4902-AB99-81CB4507F477}"
	ProjectSection(SolutionItems) = preProject
		..\CHANGELOG.md = ..\CHANGELOG.md
		..\README.md = ..\README.md
	EndProjectSection
EndProject
Global
	GlobalSection(SolutionConfigurationPlatforms) = preSolution
		Debug|Any CPU = Debug|Any CPU
		Release|Any CPU = Release|Any CPU
	EndGlobalSection
	GlobalSection(ProjectConfigurationPlatforms) = postSolution
		{008D03A7-D411-49AA-985B-B58C6AD9C01B}.Debug|Any CPU.ActiveCfg = Debug|Any CPU
		{008D03A7-D411-49AA-985B-B58C6AD9C01B}.Debug|Any CPU.Build.0 = Debug|Any CPU
		{008D03A7-D411-49AA-985B-B58C6AD9C01B}.Release|Any CPU.ActiveCfg = Release|Any CPU
		{008D03A7-D411-49AA-985B-B58C6AD9C01B}.Release|Any CPU.Build.0 = Release|Any CPU
	EndGlobalSection
	GlobalSection(SolutionProperties) = preSolution
		HideSolutionNode = FALSE
	EndGlobalSection
	GlobalSection(ExtensibilityGlobals) = postSolution
		SolutionGuid = {76D1EA37-4E89-4B7A-8C7F-56A2E843D489}
	EndGlobalSection
EndGlobal
